
Microsoft Visual Studio Solution File, Format Version 12.00
# Visual Studio Version 16
VisualStudioVersion = 16.0.31112.23
MinimumVisualStudioVersion = 10.0.40219.1
Project("{FAE04EC0-301F-11D3-BF4B-00C04F79EFBC}") = "WindowsFormsApp6", "WindowsFormsApp6\WindowsFormsApp6.csproj", "{11C058ED-428A-405E-BBB1-4034D04AF52D}"
EndProject
Global
	GlobalSection(SolutionConfigurationPlatforms) = preSolution
		Debug|Any CPU = Debug|Any CPU
		Release|Any CPU = Release|Any CPU
	EndGlobalSection
	GlobalSection(ProjectConfigurationPlatforms) = postSolution
		{11C058ED-428A-405E-BBB1-4034D04AF52D}.Debug|Any CPU.ActiveCfg = Debug|Any CPU
		{11C058ED-428A-405E-BBB1-4034D04AF52D}.Debug|Any CPU.Build.0 = Debug|Any CPU
		{11C058ED-428A-405E-BBB1-4034D04AF52D}.Release|Any CPU.ActiveCfg = Release|Any CPU
		{11C058ED-428A-405E-BBB1-4034D04AF52D}.Release|Any CPU.Build.0 = Release|Any CPU
	EndGlobalSection
	GlobalSection(SolutionProperties) = preSolution
		HideSolutionNode = FALSE
	EndGlobalSection
	GlobalSection(ExtensibilityGlobals) = postSolution
		SolutionGuid = {37288A89-21FB-430C-9F3C-55E5A69B0E87}
	EndGlobalSection
EndGlobal
